// !$*UTF8*$!
{
	archiveVersion = 1;
	classes = {
	};
	objectVersion = 46;
	objects = {

/* Begin PBXBuildFile section */
		F8E86B881A24BBA700E15006 /* main.m in Sources */ = {isa = PBXBuildFile; fileRef = F8E86B871A24BBA700E15006 /* main.m */; };
		F8E86B8B1A24BBA700E15006 /* AppDelegate.m in Sources */ = {isa = PBXBuildFile; fileRef = F8E86B8A1A24BBA700E15006 /* AppDelegate.m */; };
		F8E86B931A24BBA700E15006 /* Images.xcassets in Resources */ = {isa = PBXBuildFile; fileRef = F8E86B921A24BBA700E15006 /* Images.xcassets */; };
		F8E86BA21A24BBA700E15006 /* TinderLikeTests.m in Sources */ = {isa = PBXBuildFile; fileRef = F8E86BA11A24BBA700E15006 /* TinderLikeTests.m */; };
		F8E86BAD1A24BC5800E15006 /* Default-568h@2x.png in Resources */ = {isa = PBXBuildFile; fileRef = F8E86BAC1A24BC5800E15006 /* Default-568h@2x.png */; };
		F8E86BB11A24BCA300E15006 /* SLPagingViewController.m in Sources */ = {isa = PBXBuildFile; fileRef = F8E86BB01A24BCA300E15006 /* SLPagingViewController.m */; };
/* End PBXBuildFile section */

/* Begin PBXContainerItemProxy section */
		F8E86B9C1A24BBA700E15006 /* PBXContainerItemProxy */ = {
			isa = PBXContainerItemProxy;
			containerPortal = F8E86B7A1A24BBA700E15006 /* Project object */;
			proxyType = 1;
			remoteGlobalIDString = F8E86B811A24BBA700E15006;
			remoteInfo = TinderLike;
		};
/* End PBXContainerItemProxy section */

/* Begin PBXFileReference section */
		F8E86B821A24BBA700E15006 /* TinderLike.app */ = {isa = PBXFileReference; explicitFileType = wrapper.application; includeInIndex = 0; path = TinderLike.app; sourceTree = BUILT_PRODUCTS_DIR; };
		F8E86B861A24BBA700E15006 /* Info.plist */ = {isa = PBXFileReference; lastKnownFileType = text.plist.xml; path = Info.plist; sourceTree = "<group>"; };
		F8E86B871A24BBA700E15006 /* main.m */ = {isa = PBXFileReference; lastKnownFileType = sourcecode.c.objc; path = main.m; sourceTree = "<group>"; };
		F8E86B891A24BBA700E15006 /* AppDelegate.h */ = {isa = PBXFileReference; lastKnownFileType = sourcecode.c.h; path = AppDelegate.h; sourceTree = "<group>"; };
		F8E86B8A1A24BBA700E15006 /* AppDelegate.m */ = {isa = PBXFileReference; lastKnownFileType = sourcecode.c.objc; path = AppDelegate.m; sourceTree = "<group>"; };
		F8E86B921A24BBA700E15006 /* Images.xcassets */ = {isa = PBXFileReference; lastKnownFileType = folder.assetcatalog; path = Images.xcassets; sourceTree = "<group>"; };
		F8E86B9B1A24BBA700E15006 /* TinderLikeTests.xctest */ = {isa = PBXFileReference; explicitFileType = wrapper.cfbundle; includeInIndex = 0; path = TinderLikeTests.xctest; sourceTree = BUILT_PRODUCTS_DIR; };
		F8E86BA01A24BBA700E15006 /* Info.plist */ = {isa = PBXFileReference; lastKnownFileType = text.plist.xml; path = Info.plist; sourceTree = "<group>"; };
		F8E86BA11A24BBA700E15006 /* TinderLikeTests.m */ = {isa = PBXFileReference; lastKnownFileType = sourcecode.c.objc; path = TinderLikeTests.m; sourceTree = "<group>"; };
		F8E86BAB1A24BBE500E15006 /* TinderLike-Prefix.pch */ = {isa = PBXFileReference; lastKnownFileType = sourcecode.c.h; path = "TinderLike-Prefix.pch"; sourceTree = "<group>"; };
		F8E86BAC1A24BC5800E15006 /* Default-568h@2x.png */ = {isa = PBXFileReference; lastKnownFileType = image.png; name = "Default-568h@2x.png"; path = "../Default-568h@2x.png"; sourceTree = "<group>"; };
		F8E86BAF1A24BCA300E15006 /* SLPagingViewController.h */ = {isa = PBXFileReference; fileEncoding = 4; lastKnownFileType = sourcecode.c.h; name = SLPagingViewController.h; path = ../../SLPagingView/SLPagingViewController.h; sourceTree = "<group>"; };
		F8E86BB01A24BCA300E15006 /* SLPagingViewController.m */ = {isa = PBXFileReference; fileEncoding = 4; lastKnownFileType = sourcecode.c.objc; name = SLPagingViewController.m; path = ../../SLPagingView/SLPagingViewController.m; sourceTree = "<group>"; };
/* End PBXFileReference section */

/* Begin PBXFrameworksBuildPhase section */
		F8E86B7F1A24BBA700E15006 /* Frameworks */ = {
			isa = PBXFrameworksBuildPhase;
			buildActionMask = 2147483647;
			files = (
			);
			runOnlyForDeploymentPostprocessing = 0;
		};
		F8E86B981A24BBA700E15006 /* Frameworks */ = {
			isa = PBXFrameworksBuildPhase;
			buildActionMask = 2147483647;
			files = (
			);
			runOnlyForDeploymentPostprocessing = 0;
		};
/* End PBXFrameworksBuildPhase section */

/* Begin PBXGroup section */
		F8E86B791A24BBA700E15006 = {
			isa = PBXGroup;
			children = (
				F8E86BAE1A24BC8C00E15006 /* SLPagingView */,
				F8E86B841A24BBA700E15006 /* TinderLike */,
				F8E86B9E1A24BBA700E15006 /* TinderLikeTests */,
				F8E86B831A24BBA700E15006 /* Products */,
			);
			sourceTree = "<group>";
		};
		F8E86B831A24BBA700E15006 /* Products */ = {
			isa = PBXGroup;
			children = (
				F8E86B821A24BBA700E15006 /* TinderLike.app */,
				F8E86B9B1A24BBA700E15006 /* TinderLikeTests.xctest */,
			);
			name = Products;
			sourceTree = "<group>";
		};
		F8E86B841A24BBA700E15006 /* TinderLike */ = {
			isa = PBXGroup;
			children = (
				F8E86B891A24BBA700E15006 /* AppDelegate.h */,
				F8E86B8A1A24BBA700E15006 /* AppDelegate.m */,
				F8E86B921A24BBA700E15006 /* Images.xcassets */,
				F8E86B851A24BBA700E15006 /* Supporting Files */,
			);
			path = TinderLike;
			sourceTree = "<group>";
		};
		F8E86B851A24BBA700E15006 /* Supporting Files */ = {
			isa = PBXGroup;
			children = (
				F8E86BAC1A24BC5800E15006 /* Default-568h@2x.png */,
				F8E86B861A24BBA700E15006 /* Info.plist */,
				F8E86B871A24BBA700E15006 /* main.m */,
				F8E86BAB1A24BBE500E15006 /* TinderLike-Prefix.pch */,
			);
			name = "Supporting Files";
			sourceTree = "<group>";
		};
		F8E86B9E1A24BBA700E15006 /* TinderLikeTests */ = {
			isa = PBXGroup;
			children = (
				F8E86BA11A24BBA700E15006 /* TinderLikeTests.m */,
				F8E86B9F1A24BBA700E15006 /* Supporting Files */,
			);
			path = TinderLikeTests;
			sourceTree = "<group>";
		};
		F8E86B9F1A24BBA700E15006 /* Supporting Files */ = {
			isa = PBXGroup;
			children = (
				F8E86BA01A24BBA700E15006 /* Info.plist */,
			);
			name = "Supporting Files";
			sourceTree = "<group>";
		};
		F8E86BAE1A24BC8C00E15006 /* SLPagingView */ = {
			isa = PBXGroup;
			children = (
				F8E86BAF1A24BCA300E15006 /* SLPagingViewController.h */,
				F8E86BB01A24BCA300E15006 /* SLPagingViewController.m */,
			);
			name = SLPagingView;
			sourceTree = "<group>";
		};
/* End PBXGroup section */

/* Begin PBXNativeTarget section */
		F8E86B811A24BBA700E15006 /* TinderLike */ = {
			isa = PBXNativeTarget;
			buildConfigurationList = F8E86BA51A24BBA700E15006 /* Build configuration list for PBXNativeTarget "TinderLike" */;
			buildPhases = (
				F8E86B7E1A24BBA700E15006 /* Sources */,
				F8E86B7F1A24BBA700E15006 /* Frameworks */,
				F8E86B801A24BBA700E15006 /* Resources */,
			);
			buildRules = (
			);
			dependencies = (
			);
			name = TinderLike;
			productName = TinderLike;
			productReference = F8E86B821A24BBA700E15006 /* TinderLike.app */;
			productType = "com.apple.product-type.application";
		};
		F8E86B9A1A24BBA700E15006 /* TinderLikeTests */ = {
			isa = PBXNativeTarget;
			buildConfigurationList = F8E86BA81A24BBA700E15006 /* Build configuration list for PBXNativeTarget "TinderLikeTests" */;
			buildPhases = (
				F8E86B971A24BBA700E15006 /* Sources */,
				F8E86B981A24BBA700E15006 /* Frameworks */,
				F8E86B991A24BBA700E15006 /* Resources */,
			);
			buildRules = (
			);
			dependencies = (
				F8E86B9D1A24BBA700E15006 /* PBXTargetDependency */,
			);
			name = TinderLikeTests;
			productName = TinderLikeTests;
			productReference = F8E86B9B1A24BBA700E15006 /* TinderLikeTests.xctest */;
			productType = "com.apple.product-type.bundle.unit-test";
		};
/* End PBXNativeTarget section */

/* Begin PBXProject section */
		F8E86B7A1A24BBA700E15006 /* Project object */ = {
			isa = PBXProject;
			attributes = {
				LastUpgradeCheck = 0610;
				ORGANIZATIONNAME = "Stefan Lage";
				TargetAttributes = {
					F8E86B811A24BBA700E15006 = {
						CreatedOnToolsVersion = 6.1;
					};
					F8E86B9A1A24BBA700E15006 = {
						CreatedOnToolsVersion = 6.1;
						TestTargetID = F8E86B811A24BBA700E15006;
					};
				};
			};
			buildConfigurationList = F8E86B7D1A24BBA700E15006 /* Build configuration list for PBXProject "TinderLike" */;
			compatibilityVersion = "Xcode 3.2";
			developmentRegion = English;
			hasScannedForEncodings = 0;
			knownRegions = (
				en,
				Base,
			);
			mainGroup = F8E86B791A24BBA700E15006;
			productRefGroup = F8E86B831A24BBA700E15006 /* Products */;
			projectDirPath = "";
			projectRoot = "";
			targets = (
				F8E86B811A24BBA700E15006 /* TinderLike */,
				F8E86B9A1A24BBA700E15006 /* TinderLikeTests */,
			);
		};
/* End PBXProject section */

/* Begin PBXResourcesBuildPhase section */
		F8E86B801A24BBA700E15006 /* Resources */ = {
			isa = PBXResourcesBuildPhase;
			buildActionMask = 2147483647;
			files = (
				F8E86B931A24BBA700E15006 /* Images.xcassets in Resources */,
				F8E86BAD1A24BC5800E15006 /* Default-568h@2x.png in Resources */,
			);
			runOnlyForDeploymentPostprocessing = 0;
		};
		F8E86B991A24BBA700E15006 /* Resources */ = {
			isa = PBXResourcesBuildPhase;
			buildActionMask = 2147483647;
			files = (
			);
			runOnlyForDeploymentPostprocessing = 0;
		};
/* End PBXResourcesBuildPhase section */

/* Begin PBXSourcesBuildPhase section */
		F8E86B7E1A24BBA700E15006 /* Sources */ = {
			isa = PBXSourcesBuildPhase;
			buildActionMask = 2147483647;
			files = (
				F8E86B8B1A24BBA700E15006 /* AppDelegate.m in Sources */,
				F8E86B881A24BBA700E15006 /* main.m in Sources */,
				F8E86BB11A24BCA300E15006 /* SLPagingViewController.m in Sources */,
			);
			runOnlyForDeploymentPostprocessing = 0;
		};
		F8E86B971A24BBA700E15006 /* Sources */ = {
			isa = PBXSourcesBuildPhase;
			buildActionMask = 2147483647;
			files = (
				F8E86BA21A24BBA700E15006 /* TinderLikeTests.m in Sources */,
			);
			runOnlyForDeploymentPostprocessing = 0;
		};
/* End PBXSourcesBuildPhase section */

/* Begin PBXTargetDependency section */
		F8E86B9D1A24BBA700E15006 /* PBXTargetDependency */ = {
			isa = PBXTargetDependency;
			target = F8E86B811A24BBA700E15006 /* TinderLike */;
			targetProxy = F8E86B9C1A24BBA700E15006 /* PBXContainerItemProxy */;
		};
/* End PBXTargetDependency section */

/* Begin XCBuildConfiguration section */
		F8E86BA31A24BBA700E15006 /* Debug */ = {
			isa = XCBuildConfiguration;
			buildSettings = {
				ALWAYS_SEARCH_USER_PATHS = NO;
				CLANG_CXX_LANGUAGE_STANDARD = "gnu++0x";
				CLANG_CXX_LIBRARY = "libc++";
				CLANG_ENABLE_MODULES = YES;
				CLANG_ENABLE_OBJC_ARC = YES;
				CLANG_WARN_BOOL_CONVERSION = YES;
				CLANG_WARN_CONSTANT_CONVERSION = YES;
				CLANG_WARN_DIRECT_OBJC_ISA_USAGE = YES_ERROR;
				CLANG_WARN_EMPTY_BODY = YES;
				CLANG_WARN_ENUM_CONVERSION = YES;
				CLANG_WARN_INT_CONVERSION = YES;
				CLANG_WARN_OBJC_ROOT_CLASS = YES_ERROR;
				CLANG_WARN_UNREACHABLE_CODE = YES;
				CLANG_WARN__DUPLICATE_METHOD_MATCH = YES;
				"CODE_SIGN_IDENTITY[sdk=iphoneos*]" = "iPhone Developer";
				COPY_PHASE_STRIP = NO;
				ENABLE_STRICT_OBJC_MSGSEND = YES;
				GCC_C_LANGUAGE_STANDARD = gnu99;
				GCC_DYNAMIC_NO_PIC = NO;
				GCC_OPTIMIZATION_LEVEL = 0;
				GCC_PREPROCESSOR_DEFINITIONS = (
					"DEBUG=1",
					"$(inherited)",
				);
				GCC_SYMBOLS_PRIVATE_EXTERN = NO;
				GCC_WARN_64_TO_32_BIT_CONVERSION = YES;
				GCC_WARN_ABOUT_RETURN_TYPE = YES_ERROR;
				GCC_WARN_UNDECLARED_SELECTOR = YES;
				GCC_WARN_UNINITIALIZED_AUTOS = YES_AGGRESSIVE;
				GCC_WARN_UNUSED_FUNCTION = YES;
				GCC_WARN_UNUSED_VARIABLE = YES;
				IPHONEOS_DEPLOYMENT_TARGET = 8.1;
				MTL_ENABLE_DEBUG_INFO = YES;
				ONLY_ACTIVE_ARCH = YES;
				SDKROOT = iphoneos;
			};
			name = Debug;
		};
		F8E86BA41A24BBA700E15006 /* Release */ = {
			isa = XCBuildConfiguration;
			buildSettings = {
				ALWAYS_SEARCH_USER_PATHS = NO;
				CLANG_CXX_LANGUAGE_STANDARD = "gnu++0x";
				CLANG_CXX_LIBRARY = "libc++";
				CLANG_ENABLE_MODULES = YES;
				CLANG_ENABLE_OBJC_ARC = YES;
				CLANG_WARN_BOOL_CONVERSION = YES;
				CLANG_WARN_CONSTANT_CONVERSION = YES;
				CLANG_WARN_DIRECT_OBJC_ISA_USAGE = YES_ERROR;
				CLANG_WARN_EMPTY_BODY = YES;
				CLANG_WARN_ENUM_CONVERSION = YES;
				CLANG_WARN_INT_CONVERSION = YES;
				CLANG_WARN_OBJC_ROOT_CLASS = YES_ERROR;
				CLANG_WARN_UNREACHABLE_CODE = YES;
				CLANG_WARN__DUPLICATE_METHOD_MATCH = YES;
				"CODE_SIGN_IDENTITY[sdk=iphoneos*]" = "iPhone Developer";
				COPY_PHASE_STRIP = YES;
				ENABLE_NS_ASSERTIONS = NO;
				ENABLE_STRICT_OBJC_MSGSEND = YES;
				GCC_C_LANGUAGE_STANDARD = gnu99;
				GCC_WARN_64_TO_32_BIT_CONVERSION = YES;
				GCC_WARN_ABOUT_RETURN_TYPE = YES_ERROR;
				GCC_WARN_UNDECLARED_SELECTOR = YES;
				GCC_WARN_UNINITIALIZED_AUTOS = YES_AGGRESSIVE;
				GCC_WARN_UNUSED_FUNCTION = YES;
				GCC_WARN_UNUSED_VARIABLE = YES;
				IPHONEOS_DEPLOYMENT_TARGET = 8.1;
				MTL_ENABLE_DEBUG_INFO = NO;
				SDKROOT = iphoneos;
				VALIDATE_PRODUCT = YES;
			};
			name = Release;
		};
		F8E86BA61A24BBA700E15006 /* Debug */ = {
			isa = XCBuildConfiguration;
			buildSettings = {
				GCC_PRECOMPILE_PREFIX_HEADER = YES;
				GCC_PREFIX_HEADER = "$SRCROOT/$PROJECT_NAME/TinderLike-Prefix.pch";
				INFOPLIST_FILE = TinderLike/Info.plist;
				LD_RUNPATH_SEARCH_PATHS = "$(inherited) @executable_path/Frameworks";
				PRODUCT_NAME = "$(TARGET_NAME)";
			};
			name = Debug;
		};
		F8E86BA71A24BBA700E15006 /* Release */ = {
			isa = XCBuildConfiguration;
			buildSettings = {
				GCC_PRECOMPILE_PREFIX_HEADER = YES;
				GCC_PREFIX_HEADER = "$SRCROOT/$PROJECT_NAME/TinderLike-Prefix.pch";
				INFOPLIST_FILE = TinderLike/Info.plist;
				LD_RUNPATH_SEARCH_PATHS = "$(inherited) @executable_path/Frameworks";
				PRODUCT_NAME = "$(TARGET_NAME)";
			};
			name = Release;
		};
		F8E86BA91A24BBA700E15006 /* Debug */ = {
			isa = XCBuildConfiguration;
			buildSettings = {
				BUNDLE_LOADER = "$(TEST_HOST)";
				FRAMEWORK_SEARCH_PATHS = (
					"$(SDKROOT)/Developer/Library/Frameworks",
					"$(inherited)",
				);
				GCC_PREPROCESSOR_DEFINITIONS = (
					"DEBUG=1",
					"$(inherited)",
				);
				INFOPLIST_FILE = TinderLikeTests/Info.plist;
				LD_RUNPATH_SEARCH_PATHS = "$(inherited) @executable_path/Frameworks @loader_path/Frameworks";
				PRODUCT_NAME = "$(TARGET_NAME)";
				TEST_HOST = "$(BUILT_PRODUCTS_DIR)/TinderLike.app/TinderLike";
			};
			name = Debug;
		};
		F8E86BAA1A24BBA700E15006 /* Release */ = {
			isa = XCBuildConfiguration;
			buildSettings = {
				BUNDLE_LOADER = "$(TEST_HOST)";
				FRAMEWORK_SEARCH_PATHS = (
					"$(SDKROOT)/Developer/Library/Frameworks",
					"$(inherited)",
				);
				INFOPLIST_FILE = TinderLikeTests/Info.plist;
				LD_RUNPATH_SEARCH_PATHS = "$(inherited) @executable_path/Frameworks @loader_path/Frameworks";
				PRODUCT_NAME = "$(TARGET_NAME)";
				TEST_HOST = "$(BUILT_PRODUCTS_DIR)/TinderLike.app/TinderLike";
			};
			name = Release;
		};
/* End XCBuildConfiguration section */

/* Begin XCConfigurationList section */
		F8E86B7D1A24BBA700E15006 /* Build configuration list for PBXProject "TinderLike" */ = {
			isa = XCConfigurationList;
			buildConfigurations = (
				F8E86BA31A24BBA700E15006 /* Debug */,
				F8E86BA41A24BBA700E15006 /* Release */,
			);
			defaultConfigurationIsVisible = 0;
			defaultConfigurationName = Release;
		};
		F8E86BA51A24BBA700E15006 /* Build configuration list for PBXNativeTarget "TinderLike" */ = {
			isa = XCConfigurationList;
			buildConfigurations = (
				F8E86BA61A24BBA700E15006 /* Debug */,
				F8E86BA71A24BBA700E15006 /* Release */,
			);
			defaultConfigurationIsVisible = 0;
		};
		F8E86BA81A24BBA700E15006 /* Build configuration list for PBXNativeTarget "TinderLikeTests" */ = {
			isa = XCConfigurationList;
			buildConfigurations = (
				F8E86BA91A24BBA700E15006 /* Debug */,
				F8E86BAA1A24BBA700E15006 /* Release */,
			);
			defaultConfigurationIsVisible = 0;
		};
/* End XCConfigurationList section */
	};
	rootObject = F8E86B7A1A24BBA700E15006 /* Project object */;
}
