// !$*UTF8*$!
{
	archiveVersion = 1;
	classes = {
	};
	objectVersion = 46;
	objects = {

/* Begin PBXBuildFile section */
		F8E1581F1A63DD6100AA1A2E /* SLPagingViewController.m in Sources */ = {isa = PBXBuildFile; fileRef = F8E1581E1A63DD6100AA1A2E /* SLPagingViewController.m */; };
		F8E1582D1A64373600AA1A2E /* ChatController.m in Sources */ = {isa = PBXBuildFile; fileRef = F8E158281A64373600AA1A2E /* ChatController.m */; };
		F8E1582E1A64373600AA1A2E /* ProfileController.m in Sources */ = {isa = PBXBuildFile; fileRef = F8E1582A1A64373600AA1A2E /* ProfileController.m */; };
		F8E1582F1A64373600AA1A2E /* SettingsController.m in Sources */ = {isa = PBXBuildFile; fileRef = F8E1582C1A64373600AA1A2E /* SettingsController.m */; };
		F8E158331A64374D00AA1A2E /* AppDelegate.m in Sources */ = {isa = PBXBuildFile; fileRef = F8E158311A64374D00AA1A2E /* AppDelegate.m */; };
		F8E158341A64374D00AA1A2E /* Images.xcassets in Resources */ = {isa = PBXBuildFile; fileRef = F8E158321A64374D00AA1A2E /* Images.xcassets */; };
		F8E158371A64378000AA1A2E /* Info.plist in Resources */ = {isa = PBXBuildFile; fileRef = F8E158351A64378000AA1A2E /* Info.plist */; };
		F8E158381A64378000AA1A2E /* main.m in Sources */ = {isa = PBXBuildFile; fileRef = F8E158361A64378000AA1A2E /* main.m */; };
		F8E1583D1A64379200AA1A2E /* LaunchScreen.xib in Resources */ = {isa = PBXBuildFile; fileRef = F8E158391A64379200AA1A2E /* LaunchScreen.xib */; };
		F8E1583E1A64379200AA1A2E /* Main.storyboard in Resources */ = {isa = PBXBuildFile; fileRef = F8E1583B1A64379200AA1A2E /* Main.storyboard */; };
/* End PBXBuildFile section */

/* Begin PBXContainerItemProxy section */
		F8E1580D1A63DD3D00AA1A2E /* PBXContainerItemProxy */ = {
			isa = PBXContainerItemProxy;
			containerPortal = F8E157EB1A63DD3C00AA1A2E /* Project object */;
			proxyType = 1;
			remoteGlobalIDString = F8E157F21A63DD3C00AA1A2E;
			remoteInfo = TinderStoryboard;
		};
/* End PBXContainerItemProxy section */

/* Begin PBXFileReference section */
		F8E157F31A63DD3C00AA1A2E /* TinderStoryboard.app */ = {isa = PBXFileReference; explicitFileType = wrapper.application; includeInIndex = 0; path = TinderStoryboard.app; sourceTree = BUILT_PRODUCTS_DIR; };
		F8E1581D1A63DD6100AA1A2E /* SLPagingViewController.h */ = {isa = PBXFileReference; fileEncoding = 4; lastKnownFileType = sourcecode.c.h; name = SLPagingViewController.h; path = ../../SLPagingView/SLPagingViewController.h; sourceTree = "<group>"; };
		F8E1581E1A63DD6100AA1A2E /* SLPagingViewController.m */ = {isa = PBXFileReference; fileEncoding = 4; lastKnownFileType = sourcecode.c.objc; name = SLPagingViewController.m; path = ../../SLPagingView/SLPagingViewController.m; sourceTree = "<group>"; };
		F8E158271A64373600AA1A2E /* ChatController.h */ = {isa = PBXFileReference; fileEncoding = 4; lastKnownFileType = sourcecode.c.h; name = ChatController.h; path = TinderStoryboard/ChatController.h; sourceTree = SOURCE_ROOT; };
		F8E158281A64373600AA1A2E /* ChatController.m */ = {isa = PBXFileReference; fileEncoding = 4; lastKnownFileType = sourcecode.c.objc; name = ChatController.m; path = TinderStoryboard/ChatController.m; sourceTree = SOURCE_ROOT; };
		F8E158291A64373600AA1A2E /* ProfileController.h */ = {isa = PBXFileReference; fileEncoding = 4; lastKnownFileType = sourcecode.c.h; name = ProfileController.h; path = TinderStoryboard/ProfileController.h; sourceTree = SOURCE_ROOT; };
		F8E1582A1A64373600AA1A2E /* ProfileController.m */ = {isa = PBXFileReference; fileEncoding = 4; lastKnownFileType = sourcecode.c.objc; name = ProfileController.m; path = TinderStoryboard/ProfileController.m; sourceTree = SOURCE_ROOT; };
		F8E1582B1A64373600AA1A2E /* SettingsController.h */ = {isa = PBXFileReference; fileEncoding = 4; lastKnownFileType = sourcecode.c.h; name = SettingsController.h; path = TinderStoryboard/SettingsController.h; sourceTree = SOURCE_ROOT; };
		F8E1582C1A64373600AA1A2E /* SettingsController.m */ = {isa = PBXFileReference; fileEncoding = 4; lastKnownFileType = sourcecode.c.objc; name = SettingsController.m; path = TinderStoryboard/SettingsController.m; sourceTree = SOURCE_ROOT; };
		F8E158301A64374D00AA1A2E /* AppDelegate.h */ = {isa = PBXFileReference; fileEncoding = 4; lastKnownFileType = sourcecode.c.h; name = AppDelegate.h; path = TinderStoryboard/AppDelegate.h; sourceTree = SOURCE_ROOT; };
		F8E158311A64374D00AA1A2E /* AppDelegate.m */ = {isa = PBXFileReference; fileEncoding = 4; lastKnownFileType = sourcecode.c.objc; name = AppDelegate.m; path = TinderStoryboard/AppDelegate.m; sourceTree = SOURCE_ROOT; };
		F8E158321A64374D00AA1A2E /* Images.xcassets */ = {isa = PBXFileReference; lastKnownFileType = folder.assetcatalog; name = Images.xcassets; path = TinderStoryboard/Images.xcassets; sourceTree = SOURCE_ROOT; };
		F8E158351A64378000AA1A2E /* Info.plist */ = {isa = PBXFileReference; fileEncoding = 4; lastKnownFileType = text.plist.xml; name = Info.plist; path = TinderStoryboard/Info.plist; sourceTree = SOURCE_ROOT; };
		F8E158361A64378000AA1A2E /* main.m */ = {isa = PBXFileReference; fileEncoding = 4; lastKnownFileType = sourcecode.c.objc; name = main.m; path = TinderStoryboard/main.m; sourceTree = SOURCE_ROOT; };
		F8E1583A1A64379200AA1A2E /* Base */ = {isa = PBXFileReference; lastKnownFileType = file.xib; name = Base; path = TinderStoryboard/Base.lproj/LaunchScreen.xib; sourceTree = SOURCE_ROOT; };
		F8E1583C1A64379200AA1A2E /* Base */ = {isa = PBXFileReference; lastKnownFileType = file.storyboard; name = Base; path = TinderStoryboard/Base.lproj/Main.storyboard; sourceTree = SOURCE_ROOT; };
/* End PBXFileReference section */

/* Begin PBXFrameworksBuildPhase section */
		F8E157F01A63DD3C00AA1A2E /* Frameworks */ = {
			isa = PBXFrameworksBuildPhase;
			buildActionMask = 2147483647;
			files = (
			);
			runOnlyForDeploymentPostprocessing = 0;
		};
		F8E158091A63DD3D00AA1A2E /* Frameworks */ = {
			isa = PBXFrameworksBuildPhase;
			buildActionMask = 2147483647;
			files = (
			);
			runOnlyForDeploymentPostprocessing = 0;
		};
/* End PBXFrameworksBuildPhase section */

/* Begin PBXGroup section */
		F8E157EA1A63DD3C00AA1A2E = {
			isa = PBXGroup;
			children = (
				F8E1581C1A63DD5000AA1A2E /* SLPagingView */,
				F8E157F51A63DD3C00AA1A2E /* TinderStoryboard */,
				F8E157F41A63DD3C00AA1A2E /* Products */,
			);
			sourceTree = "<group>";
		};
		F8E157F41A63DD3C00AA1A2E /* Products */ = {
			isa = PBXGroup;
			children = (
				F8E157F31A63DD3C00AA1A2E /* TinderStoryboard.app */,
			);
			name = Products;
			sourceTree = "<group>";
		};
		F8E157F51A63DD3C00AA1A2E /* TinderStoryboard */ = {
			isa = PBXGroup;
			children = (
				F8E158391A64379200AA1A2E /* LaunchScreen.xib */,
				F8E1583B1A64379200AA1A2E /* Main.storyboard */,
				F8E158301A64374D00AA1A2E /* AppDelegate.h */,
				F8E158311A64374D00AA1A2E /* AppDelegate.m */,
				F8E158321A64374D00AA1A2E /* Images.xcassets */,
				F8E158231A64337C00AA1A2E /* Controllers */,
				F8E157F61A63DD3C00AA1A2E /* Supporting Files */,
			);
			name = TinderStoryboard;
			path = TinderStoryboard;
			sourceTree = "<group>";
		};
		F8E157F61A63DD3C00AA1A2E /* Supporting Files */ = {
			isa = PBXGroup;
			children = (
				F8E158351A64378000AA1A2E /* Info.plist */,
				F8E158361A64378000AA1A2E /* main.m */,
			);
			name = "Supporting Files";
			sourceTree = "<group>";
		};
		F8E1581C1A63DD5000AA1A2E /* SLPagingView */ = {
			isa = PBXGroup;
			children = (
				F8E1581D1A63DD6100AA1A2E /* SLPagingViewController.h */,
				F8E1581E1A63DD6100AA1A2E /* SLPagingViewController.m */,
			);
			name = SLPagingView;
			sourceTree = "<group>";
		};
		F8E158231A64337C00AA1A2E /* Controllers */ = {
			isa = PBXGroup;
			children = (
				F8E158271A64373600AA1A2E /* ChatController.h */,
				F8E158281A64373600AA1A2E /* ChatController.m */,
				F8E158291A64373600AA1A2E /* ProfileController.h */,
				F8E1582A1A64373600AA1A2E /* ProfileController.m */,
				F8E1582B1A64373600AA1A2E /* SettingsController.h */,
				F8E1582C1A64373600AA1A2E /* SettingsController.m */,
			);
			name = Controllers;
			sourceTree = "<group>";
		};
/* End PBXGroup section */

/* Begin PBXNativeTarget section */
		F8E157F21A63DD3C00AA1A2E /* TinderStoryboard */ = {
			isa = PBXNativeTarget;
			buildConfigurationList = F8E158161A63DD3D00AA1A2E /* Build configuration list for PBXNativeTarget "TinderStoryboard" */;
			buildPhases = (
				F8E157EF1A63DD3C00AA1A2E /* Sources */,
				F8E157F01A63DD3C00AA1A2E /* Frameworks */,
				F8E157F11A63DD3C00AA1A2E /* Resources */,
			);
			buildRules = (
			);
			dependencies = (
			);
			name = TinderStoryboard;
			productName = TinderStoryboard;
			productReference = F8E157F31A63DD3C00AA1A2E /* TinderStoryboard.app */;
			productType = "com.apple.product-type.application";
		};
/* End PBXNativeTarget section */

/* Begin PBXProject section */
		F8E157EB1A63DD3C00AA1A2E /* Project object */ = {
			isa = PBXProject;
			attributes = {
				LastUpgradeCheck = 0610;
				ORGANIZATIONNAME = "Stefan Lage";
				TargetAttributes = {
					F8E157F21A63DD3C00AA1A2E = {
						CreatedOnToolsVersion = 6.1.1;
					};
					F8E1580B1A63DD3D00AA1A2E = {
						CreatedOnToolsVersion = 6.1.1;
						TestTargetID = F8E157F21A63DD3C00AA1A2E;
					};
				};
			};
			buildConfigurationList = F8E157EE1A63DD3C00AA1A2E /* Build configuration list for PBXProject "TinderStoryboard" */;
			compatibilityVersion = "Xcode 3.2";
			developmentRegion = English;
			hasScannedForEncodings = 0;
			knownRegions = (
				en,
				Base,
			);
			mainGroup = F8E157EA1A63DD3C00AA1A2E;
			productRefGroup = F8E157F41A63DD3C00AA1A2E /* Products */;
			projectDirPath = "";
			projectRoot = "";
			targets = (
				F8E157F21A63DD3C00AA1A2E /* TinderStoryboard */,
			);
		};
/* End PBXProject section */

/* Begin PBXResourcesBuildPhase section */
		F8E157F11A63DD3C00AA1A2E /* Resources */ = {
			isa = PBXResourcesBuildPhase;
			buildActionMask = 2147483647;
			files = (
				F8E158371A64378000AA1A2E /* Info.plist in Resources */,
				F8E1583D1A64379200AA1A2E /* LaunchScreen.xib in Resources */,
				F8E158341A64374D00AA1A2E /* Images.xcassets in Resources */,
				F8E1583E1A64379200AA1A2E /* Main.storyboard in Resources */,
			);
			runOnlyForDeploymentPostprocessing = 0;
		};
		F8E1580A1A63DD3D00AA1A2E /* Resources */ = {
			isa = PBXResourcesBuildPhase;
			buildActionMask = 2147483647;
			files = (
			);
			runOnlyForDeploymentPostprocessing = 0;
		};
/* End PBXResourcesBuildPhase section */

/* Begin PBXSourcesBuildPhase section */
		F8E157EF1A63DD3C00AA1A2E /* Sources */ = {
			isa = PBXSourcesBuildPhase;
			buildActionMask = 2147483647;
			files = (
				F8E1582F1A64373600AA1A2E /* SettingsController.m in Sources */,
				F8E1582E1A64373600AA1A2E /* ProfileController.m in Sources */,
				F8E1582D1A64373600AA1A2E /* ChatController.m in Sources */,
				F8E1581F1A63DD6100AA1A2E /* SLPagingViewController.m in Sources */,
				F8E158381A64378000AA1A2E /* main.m in Sources */,
				F8E158331A64374D00AA1A2E /* AppDelegate.m in Sources */,
			);
			runOnlyForDeploymentPostprocessing = 0;
		};
		F8E158081A63DD3D00AA1A2E /* Sources */ = {
			isa = PBXSourcesBuildPhase;
			buildActionMask = 2147483647;
			files = (
			);
			runOnlyForDeploymentPostprocessing = 0;
		};
/* End PBXSourcesBuildPhase section */

/* Begin PBXTargetDependency section */
		F8E1580E1A63DD3D00AA1A2E /* PBXTargetDependency */ = {
			isa = PBXTargetDependency;
			target = F8E157F21A63DD3C00AA1A2E /* TinderStoryboard */;
			targetProxy = F8E1580D1A63DD3D00AA1A2E /* PBXContainerItemProxy */;
		};
/* End PBXTargetDependency section */

/* Begin PBXVariantGroup section */
		F8E158391A64379200AA1A2E /* LaunchScreen.xib */ = {
			isa = PBXVariantGroup;
			children = (
				F8E1583A1A64379200AA1A2E /* Base */,
			);
			name = LaunchScreen.xib;
			sourceTree = "<group>";
		};
		F8E1583B1A64379200AA1A2E /* Main.storyboard */ = {
			isa = PBXVariantGroup;
			children = (
				F8E1583C1A64379200AA1A2E /* Base */,
			);
			name = Main.storyboard;
			sourceTree = "<group>";
		};
/* End PBXVariantGroup section */

/* Begin XCBuildConfiguration section */
		F8E158141A63DD3D00AA1A2E /* Debug */ = {
			isa = XCBuildConfiguration;
			buildSettings = {
				ALWAYS_SEARCH_USER_PATHS = NO;
				CLANG_CXX_LANGUAGE_STANDARD = "gnu++0x";
				CLANG_CXX_LIBRARY = "libc++";
				CLANG_ENABLE_MODULES = YES;
				CLANG_ENABLE_OBJC_ARC = YES;
				CLANG_WARN_BOOL_CONVERSION = YES;
				CLANG_WARN_CONSTANT_CONVERSION = YES;
				CLANG_WARN_DIRECT_OBJC_ISA_USAGE = YES_ERROR;
				CLANG_WARN_EMPTY_BODY = YES;
				CLANG_WARN_ENUM_CONVERSION = YES;
				CLANG_WARN_INT_CONVERSION = YES;
				CLANG_WARN_OBJC_ROOT_CLASS = YES_ERROR;
				CLANG_WARN_UNREACHABLE_CODE = YES;
				CLANG_WARN__DUPLICATE_METHOD_MATCH = YES;
				"CODE_SIGN_IDENTITY[sdk=iphoneos*]" = "iPhone Developer";
				COPY_PHASE_STRIP = NO;
				ENABLE_STRICT_OBJC_MSGSEND = YES;
				GCC_C_LANGUAGE_STANDARD = gnu99;
				GCC_DYNAMIC_NO_PIC = NO;
				GCC_OPTIMIZATION_LEVEL = 0;
				GCC_PREPROCESSOR_DEFINITIONS = (
					"DEBUG=1",
					"$(inherited)",
				);
				GCC_SYMBOLS_PRIVATE_EXTERN = NO;
				GCC_WARN_64_TO_32_BIT_CONVERSION = YES;
				GCC_WARN_ABOUT_RETURN_TYPE = YES_ERROR;
				GCC_WARN_UNDECLARED_SELECTOR = YES;
				GCC_WARN_UNINITIALIZED_AUTOS = YES_AGGRESSIVE;
				GCC_WARN_UNUSED_FUNCTION = YES;
				GCC_WARN_UNUSED_VARIABLE = YES;
				IPHONEOS_DEPLOYMENT_TARGET = 8.1;
				MTL_ENABLE_DEBUG_INFO = YES;
				ONLY_ACTIVE_ARCH = YES;
				SDKROOT = iphoneos;
			};
			name = Debug;
		};
		F8E158151A63DD3D00AA1A2E /* Release */ = {
			isa = XCBuildConfiguration;
			buildSettings = {
				ALWAYS_SEARCH_USER_PATHS = NO;
				CLANG_CXX_LANGUAGE_STANDARD = "gnu++0x";
				CLANG_CXX_LIBRARY = "libc++";
				CLANG_ENABLE_MODULES = YES;
				CLANG_ENABLE_OBJC_ARC = YES;
				CLANG_WARN_BOOL_CONVERSION = YES;
				CLANG_WARN_CONSTANT_CONVERSION = YES;
				CLANG_WARN_DIRECT_OBJC_ISA_USAGE = YES_ERROR;
				CLANG_WARN_EMPTY_BODY = YES;
				CLANG_WARN_ENUM_CONVERSION = YES;
				CLANG_WARN_INT_CONVERSION = YES;
				CLANG_WARN_OBJC_ROOT_CLASS = YES_ERROR;
				CLANG_WARN_UNREACHABLE_CODE = YES;
				CLANG_WARN__DUPLICATE_METHOD_MATCH = YES;
				"CODE_SIGN_IDENTITY[sdk=iphoneos*]" = "iPhone Developer";
				COPY_PHASE_STRIP = YES;
				ENABLE_NS_ASSERTIONS = NO;
				ENABLE_STRICT_OBJC_MSGSEND = YES;
				GCC_C_LANGUAGE_STANDARD = gnu99;
				GCC_WARN_64_TO_32_BIT_CONVERSION = YES;
				GCC_WARN_ABOUT_RETURN_TYPE = YES_ERROR;
				GCC_WARN_UNDECLARED_SELECTOR = YES;
				GCC_WARN_UNINITIALIZED_AUTOS = YES_AGGRESSIVE;
				GCC_WARN_UNUSED_FUNCTION = YES;
				GCC_WARN_UNUSED_VARIABLE = YES;
				IPHONEOS_DEPLOYMENT_TARGET = 8.1;
				MTL_ENABLE_DEBUG_INFO = NO;
				SDKROOT = iphoneos;
				VALIDATE_PRODUCT = YES;
			};
			name = Release;
		};
		F8E158171A63DD3D00AA1A2E /* Debug */ = {
			isa = XCBuildConfiguration;
			buildSettings = {
				ASSETCATALOG_COMPILER_APPICON_NAME = AppIcon;
				INFOPLIST_FILE = TinderStoryboard/Info.plist;
				LD_RUNPATH_SEARCH_PATHS = "$(inherited) @executable_path/Frameworks";
				PRODUCT_NAME = TinderStoryboard;
			};
			name = Debug;
		};
		F8E158181A63DD3D00AA1A2E /* Release */ = {
			isa = XCBuildConfiguration;
			buildSettings = {
				ASSETCATALOG_COMPILER_APPICON_NAME = AppIcon;
				INFOPLIST_FILE = TinderStoryboard/Info.plist;
				LD_RUNPATH_SEARCH_PATHS = "$(inherited) @executable_path/Frameworks";
				PRODUCT_NAME = TinderStoryboard;
			};
			name = Release;
		};
/* End XCBuildConfiguration section */

/* Begin XCConfigurationList section */
		F8E157EE1A63DD3C00AA1A2E /* Build configuration list for PBXProject "TinderStoryboard" */ = {
			isa = XCConfigurationList;
			buildConfigurations = (
				F8E158141A63DD3D00AA1A2E /* Debug */,
				F8E158151A63DD3D00AA1A2E /* Release */,
			);
			defaultConfigurationIsVisible = 0;
			defaultConfigurationName = Release;
		};
		F8E158161A63DD3D00AA1A2E /* Build configuration list for PBXNativeTarget "TinderStoryboard" */ = {
			isa = XCConfigurationList;
			buildConfigurations = (
				F8E158171A63DD3D00AA1A2E /* Debug */,
				F8E158181A63DD3D00AA1A2E /* Release */,
			);
			defaultConfigurationIsVisible = 0;
			defaultConfigurationName = Release;
		};
/* End XCConfigurationList section */
	};
	rootObject = F8E157EB1A63DD3C00AA1A2E /* Project object */;
}
